
Microsoft Visual Studio Solution File, Format Version 12.00
# Visual Studio Version 16
VisualStudioVersion = 16.0.30804.86
MinimumVisualStudioVersion = 10.0.40219.1
Project("{FAE04EC0-301F-11D3-BF4B-00C04F79EFBC}") = "ChatClient", "NetProg2\ChatClient.csproj", "{48B11547-BCD8-402C-8970-5B64C8CFF130}"
EndProject
Project("{FAE04EC0-301F-11D3-BF4B-00C04F79EFBC}") = "ChatHost", "ChatHost\ChatHost.csproj", "{FC45B876-7B87-4AC9-BA64-47BA9C69BE36}"
EndProject
Project("{FAE04EC0-301F-11D3-BF4B-00C04F79EFBC}") = "chat", "wcf_chat\chat.csproj", "{6CEFEB18-3B2F-4270-8151-D9CFB0CFF816}"
EndProject
Global
	GlobalSection(SolutionConfigurationPlatforms) = preSolution
		Debug|Any CPU = Debug|Any CPU
		Release|Any CPU = Release|Any CPU
	EndGlobalSection
	GlobalSection(ProjectConfigurationPlatforms) = postSolution
		{48B11547-BCD8-402C-8970-5B64C8CFF130}.Debug|Any CPU.ActiveCfg = Debug|Any CPU
		{48B11547-BCD8-402C-8970-5B64C8CFF130}.Debug|Any CPU.Build.0 = Debug|Any CPU
		{48B11547-BCD8-402C-8970-5B64C8CFF130}.Release|Any CPU.ActiveCfg = Release|Any CPU
		{48B11547-BCD8-402C-8970-5B64C8CFF130}.Release|Any CPU.Build.0 = Release|Any CPU
		{FC45B876-7B87-4AC9-BA64-47BA9C69BE36}.Debug|Any CPU.ActiveCfg = Debug|Any CPU
		{FC45B876-7B87-4AC9-BA64-47BA9C69BE36}.Debug|Any CPU.Build.0 = Debug|Any CPU
		{FC45B876-7B87-4AC9-BA64-47BA9C69BE36}.Release|Any CPU.ActiveCfg = Release|Any CPU
		{FC45B876-7B87-4AC9-BA64-47BA9C69BE36}.Release|Any CPU.Build.0 = Release|Any CPU
		{6CEFEB18-3B2F-4270-8151-D9CFB0CFF816}.Debug|Any CPU.ActiveCfg = Debug|Any CPU
		{6CEFEB18-3B2F-4270-8151-D9CFB0CFF816}.Debug|Any CPU.Build.0 = Debug|Any CPU
		{6CEFEB18-3B2F-4270-8151-D9CFB0CFF816}.Release|Any CPU.ActiveCfg = Release|Any CPU
		{6CEFEB18-3B2F-4270-8151-D9CFB0CFF816}.Release|Any CPU.Build.0 = Release|Any CPU
	EndGlobalSection
	GlobalSection(SolutionProperties) = preSolution
		HideSolutionNode = FALSE
	EndGlobalSection
	GlobalSection(ExtensibilityGlobals) = postSolution
		SolutionGuid = {B52EAF1C-1FD0-49FE-90FA-F445FB7E3ED6}
	EndGlobalSection
EndGlobal
